
Microsoft Visual Studio Solution File, Format Version 12.00
# Visual Studio Version 16
VisualStudioVersion = 16.0.31613.86
MinimumVisualStudioVersion = 10.0.40219.1
Project("{FAE04EC0-301F-11D3-BF4B-00C04F79EFBC}") = "WinFormsApp1", "WinFormsApp1\WinFormsApp1.csproj", "{E2A9FDD3-8C64-403A-9E99-572CBDA4BB8D}"
EndProject
Global
	GlobalSection(SolutionConfigurationPlatforms) = preSolution
		Debug|Any CPU = Debug|Any CPU
		Release|Any CPU = Release|Any CPU
	EndGlobalSection
	GlobalSection(ProjectConfigurationPlatforms) = postSolution
		{E2A9FDD3-8C64-403A-9E99-572CBDA4BB8D}.Debug|Any CPU.ActiveCfg = Debug|Any CPU
		{E2A9FDD3-8C64-403A-9E99-572CBDA4BB8D}.Debug|Any CPU.Build.0 = Debug|Any CPU
		{E2A9FDD3-8C64-403A-9E99-572CBDA4BB8D}.Release|Any CPU.ActiveCfg = Release|Any CPU
		{E2A9FDD3-8C64-403A-9E99-572CBDA4BB8D}.Release|Any CPU.Build.0 = Release|Any CPU
	EndGlobalSection
	GlobalSection(SolutionProperties) = preSolution
		HideSolutionNode = FALSE
	EndGlobalSection
	GlobalSection(ExtensibilityGlobals) = postSolution
		SolutionGuid = {D05D6BB1-F526-4E0C-8B6E-A9C7E2C1771B}
	EndGlobalSection
EndGlobal
